
Microsoft Visual Studio Solution File, Format Version 12.00
# Visual Studio Version 16
VisualStudioVersion = 16.0.29411.108
MinimumVisualStudioVersion = 10.0.40219.1
Project("{FAE04EC0-301F-11D3-BF4B-00C04F79EFBC}") = "Car Racing GAME", "Car Racing GAME.csproj", "{ED5952B1-9490-4AED-B8FF-F85A16188D28}"
EndProject
Global
	GlobalSection(SolutionConfigurationPlatforms) = preSolution
		Debug|Any CPU = Debug|Any CPU
		Release|Any CPU = Release|Any CPU
	EndGlobalSection
	GlobalSection(ProjectConfigurationPlatforms) = postSolution
		{ED5952B1-9490-4AED-B8FF-F85A16188D28}.Debug|Any CPU.ActiveCfg = Debug|Any CPU
		{ED5952B1-9490-4AED-B8FF-F85A16188D28}.Debug|Any CPU.Build.0 = Debug|Any CPU
		{ED5952B1-9490-4AED-B8FF-F85A16188D28}.Release|Any CPU.ActiveCfg = Release|Any CPU
		{ED5952B1-9490-4AED-B8FF-F85A16188D28}.Release|Any CPU.Build.0 = Release|Any CPU
	EndGlobalSection
	GlobalSection(SolutionProperties) = preSolution
		HideSolutionNode = FALSE
	EndGlobalSection
	GlobalSection(ExtensibilityGlobals) = postSolution
		SolutionGuid = {40C06573-2FAE-49FB-917A-BED9F5895ACC}
	EndGlobalSection
EndGlobal
